{
	"name": "marked-it-cli",
	"version": "0.20.3",
	"lockfileVersion": 1,
	"requires": true,
	"dependencies": {
		"abbrev": {
			"version": "1.1.1",
			"resolved": "https://registry.npmjs.org/abbrev/-/abbrev-1.1.1.tgz",
			"integrity": "sha1-+PLIh60Qv2f2NPAFtph/7TF5qsg="
		},
		"argparse": {
			"version": "1.0.10",
			"resolved": "https://registry.npmjs.org/argparse/-/argparse-1.0.10.tgz",
			"integrity": "sha1-vNZ5HqWuCXJeF+WtmIE0zUCz2RE=",
			"requires": {
				"sprintf-js": "~1.0.2"
			}
		},
		"bluebird": {
			"version": "3.5.2",
			"resolved": "https://registry.npmjs.org/bluebird/-/bluebird-3.5.2.tgz",
			"integrity": "sha1-G+CQjgVKdRdUVJwnBInBUF1KsVo="
		},
		"commander": {
			"version": "2.19.0",
			"resolved": "https://registry.npmjs.org/commander/-/commander-2.19.0.tgz",
			"integrity": "sha1-9hmKqE5bg8RgVLlN3tv+1e6f8So="
		},
		"config-chain": {
			"version": "1.1.12",
			"resolved": "https://registry.npmjs.org/config-chain/-/config-chain-1.1.12.tgz",
			"integrity": "sha1-D96NCRIA616AjK8l/mGMAvSOTvo=",
			"requires": {
				"ini": "^1.3.4",
				"proto-list": "~1.2.1"
			}
		},
		"core-util-is": {
			"version": "1.0.2",
			"resolved": "https://registry.npmjs.org/core-util-is/-/core-util-is-1.0.2.tgz",
			"integrity": "sha1-tf1UIgqivFq1eqtxQMlAdUUDwac="
		},
		"dom-serializer": {
			"version": "0.1.0",
			"resolved": "https://registry.npmjs.org/dom-serializer/-/dom-serializer-0.1.0.tgz",
			"integrity": "sha1-BzxpdUbOB4DOI75KKOKT5AvDDII=",
			"requires": {
				"domelementtype": "~1.1.1",
				"entities": "~1.1.1"
			},
			"dependencies": {
				"domelementtype": {
					"version": "1.1.3",
					"resolved": "https://registry.npmjs.org/domelementtype/-/domelementtype-1.1.3.tgz",
					"integrity": "sha1-vSh3PiZCiBrsUVRJJCmcXNgiGFs="
				},
				"entities": {
					"version": "1.1.2",
					"resolved": "https://registry.npmjs.org/entities/-/entities-1.1.2.tgz",
					"integrity": "sha1-vfpzUplmTfr9NFKe1PhSKidf6lY="
				}
			}
		},
		"domelementtype": {
			"version": "1.2.1",
			"resolved": "https://registry.npmjs.org/domelementtype/-/domelementtype-1.2.1.tgz",
			"integrity": "sha1-V4VY7yO++sBDoauw2wdjVQk5NHk="
		},
		"domhandler": {
			"version": "2.3.0",
			"resolved": "https://registry.npmjs.org/domhandler/-/domhandler-2.3.0.tgz",
			"integrity": "sha1-LeWaCCLVAn+r/28DLCsloqir5zg=",
			"requires": {
				"domelementtype": "1"
			}
		},
		"domutils": {
			"version": "1.5.1",
			"resolved": "https://registry.npmjs.org/domutils/-/domutils-1.5.1.tgz",
			"integrity": "sha1-3NhIiib1Y9YQeeSMn3t+Mjc2gs8=",
			"requires": {
				"dom-serializer": "0",
				"domelementtype": "1"
			}
		},
		"editorconfig": {
			"version": "0.13.3",
			"resolved": "https://registry.npmjs.org/editorconfig/-/editorconfig-0.13.3.tgz",
			"integrity": "sha1-5SGeWHlR1glY/ZTqmpoAjN7/GzQ=",
			"requires": {
				"bluebird": "^3.0.5",
				"commander": "^2.9.0",
				"lru-cache": "^3.2.0",
				"semver": "^5.1.0",
				"sigmund": "^1.0.1"
			}
		},
		"entities": {
			"version": "1.0.0",
			"resolved": "https://registry.npmjs.org/entities/-/entities-1.0.0.tgz",
			"integrity": "sha1-sph6o4ITR/zeZCsk/fyeT7cSvyY="
		},
		"esprima": {
			"version": "2.7.3",
			"resolved": "https://registry.npmjs.org/esprima/-/esprima-2.7.3.tgz",
			"integrity": "sha1-luO3DVd59q1JzQMmc9HDEnZ7pYE="
		},
		"fs-extra": {
			"version": "1.0.0",
			"resolved": "https://registry.npmjs.org/fs-extra/-/fs-extra-1.0.0.tgz",
			"integrity": "sha1-zTzl9+fLYUWIP8rjGR6Yd/hYeVA=",
			"requires": {
				"graceful-fs": "^4.1.2",
				"jsonfile": "^2.1.0",
				"klaw": "^1.0.0"
			}
		},
		"gitignore-parser": {
			"version": "0.0.2",
			"resolved": "https://registry.npmjs.org/gitignore-parser/-/gitignore-parser-0.0.2.tgz",
			"integrity": "sha1-9hJZuYXdkUFLmnFo+u+RccLuxd8="
		},
		"graceful-fs": {
			"version": "4.1.11",
			"resolved": "https://registry.npmjs.org/graceful-fs/-/graceful-fs-4.1.11.tgz",
			"integrity": "sha1-Dovf5NHduIVNZOBOp8AOKgJuVlg="
		},
		"highlight.js": {
			"version": "9.12.0",
			"resolved": "https://registry.npmjs.org/highlight.js/-/highlight.js-9.12.0.tgz",
			"integrity": "sha1-5tnb5Xy+/mB1HwKvM2GVhwyQwB4="
		},
		"htmlparser2": {
			"version": "3.8.3",
			"resolved": "https://registry.npmjs.org/htmlparser2/-/htmlparser2-3.8.3.tgz",
			"integrity": "sha1-mWwosZFRaovoZQGn15dX5ccMEGg=",
			"requires": {
				"domelementtype": "1",
				"domhandler": "2.3",
				"domutils": "1.5",
				"entities": "1.0",
				"readable-stream": "1.1"
			}
		},
		"inherits": {
			"version": "2.0.3",
			"resolved": "https://registry.npmjs.org/inherits/-/inherits-2.0.3.tgz",
			"integrity": "sha1-Yzwsg+PaQqUC9SRmAiSA9CCCYd4="
		},
		"ini": {
			"version": "1.3.5",
			"resolved": "https://registry.npmjs.org/ini/-/ini-1.3.5.tgz",
			"integrity": "sha1-7uJfVtscnsYIXgwid4CD9Zar+Sc="
		},
		"isarray": {
			"version": "0.0.1",
			"resolved": "https://registry.npmjs.org/isarray/-/isarray-0.0.1.tgz",
			"integrity": "sha1-ihis/Kmo9Bd+Cav8YDiTmwXR7t8="
		},
		"js-beautify": {
			"version": "1.6.4",
			"resolved": "https://registry.npmjs.org/js-beautify/-/js-beautify-1.6.4.tgz",
			"integrity": "sha1-qa95aZdCrJobb93B/bx4vE1RX8M=",
			"requires": {
				"config-chain": "~1.1.5",
				"editorconfig": "^0.13.2",
				"mkdirp": "~0.5.0",
				"nopt": "~3.0.1"
			}
		},
		"js-yaml": {
			"version": "3.5.3",
			"resolved": "https://registry.npmjs.org/js-yaml/-/js-yaml-3.5.3.tgz",
			"integrity": "sha1-6e5ggrBld3DkNG368qWMWZIlH3Y=",
			"requires": {
				"argparse": "^1.0.2",
				"esprima": "^2.6.0"
			}
		},
		"jsonfile": {
			"version": "2.4.0",
			"resolved": "https://registry.npmjs.org/jsonfile/-/jsonfile-2.4.0.tgz",
			"integrity": "sha1-NzaitCi4e72gzIO1P6PWM6NcKug=",
			"requires": {
				"graceful-fs": "^4.1.6"
			}
		},
		"klaw": {
			"version": "1.3.1",
			"resolved": "https://registry.npmjs.org/klaw/-/klaw-1.3.1.tgz",
			"integrity": "sha1-QIhDO0azsbolnXh4XY6W9zugJDk=",
			"requires": {
				"graceful-fs": "^4.1.9"
			}
		},
		"lru-cache": {
			"version": "3.2.0",
			"resolved": "https://registry.npmjs.org/lru-cache/-/lru-cache-3.2.0.tgz",
			"integrity": "sha1-cXibO39Tmb7IVl3aOKow0qCX7+4=",
			"requires": {
				"pseudomap": "^1.0.1"
			}
		},
		"marked": {
			"version": "0.3.9",
			"resolved": "https://registry.npmjs.org/marked/-/marked-0.3.9.tgz",
			"integrity": "sha512-nW5u0dxpXxHfkHzzrveY45gCbi+R4PaO4WRZYqZNl+vB0hVGeqlFn0aOg1c8AKL63TrNFn9Bm2UP4AdiZ9TPLw=="
		},
		"marked-it-core": {
			"version": "0.14.1",
			"resolved": "https://registry.npmjs.org/marked-it-core/-/marked-it-core-0.14.1.tgz",
			"integrity": "sha512-h9sMFyXKKbM0A1UGFdhJ52Plnpk+q7q5CE/c1Ple7zQRCweT/u67/p9mOhIzbHgIAcv+J7DywboKpUrmt0RsFQ==",
			"requires": {
				"htmlparser2": "3.8.3",
				"js-yaml": "3.13.1",
				"marked": "0.3.9",
				"pretty-data": "0.40.0"
			},
			"dependencies": {
				"esprima": {
					"version": "4.0.1",
					"resolved": "https://registry.npmjs.org/esprima/-/esprima-4.0.1.tgz",
					"integrity": "sha512-eGuFFw7Upda+g4p+QHvnW0RyTX/SVeJBDM/gCtMARO0cLuT2HcEKnTPvhjV6aGeqrCB/sbNop0Kszm0jsaWU4A=="
				},
				"js-yaml": {
					"version": "3.13.1",
					"resolved": "https://registry.npmjs.org/js-yaml/-/js-yaml-3.13.1.tgz",
					"integrity": "sha512-YfbcO7jXDdyj0DGxYVSlSeQNHbD7XPWvrVWeVUujrQEoZzWJIRrCPoyk6kL6IAjAG2IolMK4T0hNUe0HOUs5Jw==",
					"requires": {
						"argparse": "^1.0.7",
						"esprima": "^4.0.0"
					}
				}
			}
		},
		"minimist": {
			"version": "0.0.8",
			"resolved": "https://registry.npmjs.org/minimist/-/minimist-0.0.8.tgz",
			"integrity": "sha1-hX/Kv8M5fSYluCKCYuhqp6ARsF0="
		},
		"mkdirp": {
			"version": "0.5.1",
			"resolved": "https://registry.npmjs.org/mkdirp/-/mkdirp-0.5.1.tgz",
			"integrity": "sha1-MAV0OOrGz3+MR2fzhkjWaX11yQM=",
			"requires": {
				"minimist": "0.0.8"
			}
		},
		"nopt": {
			"version": "3.0.6",
			"resolved": "https://registry.npmjs.org/nopt/-/nopt-3.0.6.tgz",
			"integrity": "sha1-xkZdvwirzU2zWTF/eaxopkayj/k=",
			"requires": {
				"abbrev": "1"
			}
		},
		"pretty-data": {
			"version": "0.40.0",
			"resolved": "https://registry.npmjs.org/pretty-data/-/pretty-data-0.40.0.tgz",
			"integrity": "sha1-Vyqo6iNGdGerlLa1Jmpv2cj93XI="
		},
		"proto-list": {
			"version": "1.2.4",
			"resolved": "https://registry.npmjs.org/proto-list/-/proto-list-1.2.4.tgz",
			"integrity": "sha1-IS1b/hMYMGpCD2QCuOJv85ZHqEk="
		},
		"pseudomap": {
			"version": "1.0.2",
			"resolved": "https://registry.npmjs.org/pseudomap/-/pseudomap-1.0.2.tgz",
			"integrity": "sha1-8FKijacOYYkX7wqKw0wa5aaChrM="
		},
		"readable-stream": {
			"version": "1.1.14",
			"resolved": "https://registry.npmjs.org/readable-stream/-/readable-stream-1.1.14.tgz",
			"integrity": "sha1-fPTFTvZI44EwhMY23SB54WbAgdk=",
			"requires": {
				"core-util-is": "~1.0.0",
				"inherits": "~2.0.1",
				"isarray": "0.0.1",
				"string_decoder": "~0.10.x"
			}
		},
		"semver": {
			"version": "5.6.0",
			"resolved": "https://registry.npmjs.org/semver/-/semver-5.6.0.tgz",
			"integrity": "sha1-fnQlb7qknHWqfHogXMInmcrIAAQ="
		},
		"sigmund": {
			"version": "1.0.1",
			"resolved": "https://registry.npmjs.org/sigmund/-/sigmund-1.0.1.tgz",
			"integrity": "sha1-P/IfGYytIXX587eBhT/ZTQ0ZtZA="
		},
		"slang": {
			"version": "0.3.0",
			"resolved": "https://registry.npmjs.org/slang/-/slang-0.3.0.tgz",
			"integrity": "sha1-E691tPDAGMaoGT1wT2WyO+T7q9w="
		},
		"sprintf-js": {
			"version": "1.0.3",
			"resolved": "https://registry.npmjs.org/sprintf-js/-/sprintf-js-1.0.3.tgz",
			"integrity": "sha1-BOaSb2YolTVPPdAVIDYzuFcpfiw="
		},
		"string_decoder": {
			"version": "0.10.31",
			"resolved": "https://registry.npmjs.org/string_decoder/-/string_decoder-0.10.31.tgz",
			"integrity": "sha1-YuIDvEF2bGwoyfyEMB2rHFMQ+pQ="
		},
		"wkhtmltopdf": {
			"version": "0.1.5",
			"resolved": "https://registry.npmjs.org/wkhtmltopdf/-/wkhtmltopdf-0.1.5.tgz",
			"integrity": "sha1-2+q5F+FXTZpFRInzIrjtRJo57NU=",
			"requires": {
				"slang": ">=0.2"
			}
		}
	}
}
