{
	"name": "marked-it-cli",
	"version": "0.29.4",
	"lockfileVersion": 2,
	"requires": true,
	"packages": {
		"": {
			"version": "0.29.4",
			"license": "MIT",
			"dependencies": {
				"fs-extra": "1.0.0",
				"gitignore-parser": "0.0.2",
				"highlight.js": "11.1.0",
				"htmlparser2": "3.8.3",
				"js-beautify": "1.6.4",
				"js-yaml": "3.13.1",
				"marked-it-core": "0.17.8",
				"wkhtmltopdf": "0.1.5"
			},
			"bin": {
				"marked-it-cli": "bin/marked-it-cli"
			}
		},
		"../marked-it": {
			"name": "marked-it-core",
			"version": "0.17.7",
			"extraneous": true,
			"license": "MIT",
			"dependencies": {
				"htmlparser2": "3.8.3",
				"js-yaml": "3.13.1",
				"markdown-it": "12.0.6",
				"markdown-it-attrs": "git://github.com/IBM/markdown-it-attrs.git#v4.0.0-4",
				"markdown-it-deflist": "2.1.0",
				"markdown-it-footnote": "3.0.3",
				"markdown-it-toc-and-anchor": "4.2.0",
				"marked": "0.3.9",
				"pretty-data": "0.40.0"
			},
			"devDependencies": {
				"highlight.js": "11.1.0",
				"mocha": "^5.2.0"
			}
		},
		"node_modules/abbrev": {
			"version": "1.1.1",
			"integrity": "sha512-nne9/IiQ/hzIhY6pdDnbBtz7DjPTKrY00P/zvPSm5pOFkl6xuGrGnXn/VtTNNfNtAfZ9/1RtehkszU9qcTii0Q=="
		},
		"node_modules/argparse": {
			"version": "1.0.10",
			"integrity": "sha512-o5Roy6tNG4SL/FOkCAN6RzjiakZS25RLYFrcMttJqbdd8BWrnA+fGz57iN5Pb06pvBGvl5gQ0B48dJlslXvoTg==",
			"dependencies": {
				"sprintf-js": "~1.0.2"
			}
		},
		"node_modules/bluebird": {
			"version": "3.5.2",
			"integrity": "sha512-dhHTWMI7kMx5whMQntl7Vr9C6BvV10lFXDAasnqnrMYhXVCzzk6IO9Fo2L75jXHT07WrOngL1WDXOp+yYS91Yg=="
		},
		"node_modules/clone": {
			"version": "2.1.2",
			"resolved": "https://registry.npmjs.org/clone/-/clone-2.1.2.tgz",
			"integrity": "sha1-G39Ln1kfHo+DZwQBYANFoCiHQ18=",
			"engines": {
				"node": ">=0.8"
			}
		},
		"node_modules/commander": {
			"version": "2.19.0",
			"integrity": "sha512-6tvAOO+D6OENvRAh524Dh9jcfKTYDQAqvqezbCW82xj5X0pSrcpxtvRKHLG0yBY6SD7PSDrJaj+0AiOcKVd1Xg=="
		},
		"node_modules/config-chain": {
			"version": "1.1.12",
			"integrity": "sha512-a1eOIcu8+7lUInge4Rpf/n4Krkf3Dd9lqhljRzII1/Zno/kRtUWnznPO3jOKBmTEktkt3fkxisUcivoj0ebzoA==",
			"dependencies": {
				"ini": "^1.3.4",
				"proto-list": "~1.2.1"
			}
		},
		"node_modules/core-util-is": {
			"version": "1.0.2",
			"integrity": "sha1-tf1UIgqivFq1eqtxQMlAdUUDwac="
		},
		"node_modules/dom-serializer": {
			"version": "0.1.0",
			"integrity": "sha1-BzxpdUbOB4DOI75KKOKT5AvDDII=",
			"dependencies": {
				"domelementtype": "~1.1.1",
				"entities": "~1.1.1"
			}
		},
		"node_modules/dom-serializer/node_modules/domelementtype": {
			"version": "1.1.3",
			"integrity": "sha1-vSh3PiZCiBrsUVRJJCmcXNgiGFs="
		},
		"node_modules/dom-serializer/node_modules/entities": {
			"version": "1.1.2",
			"integrity": "sha512-f2LZMYl1Fzu7YSBKg+RoROelpOaNrcGmE9AZubeDfrCEia483oW4MI4VyFd5VNHIgQ/7qm1I0wUHK1eJnn2y2w=="
		},
		"node_modules/domelementtype": {
			"version": "1.2.1",
			"integrity": "sha512-SQVCLFS2E7G5CRCMdn6K9bIhRj1bS6QBWZfF0TUPh4V/BbqrQ619IdSS3/izn0FZ+9l+uODzaZjb08fjOfablA=="
		},
		"node_modules/domhandler": {
			"version": "2.3.0",
			"integrity": "sha1-LeWaCCLVAn+r/28DLCsloqir5zg=",
			"dependencies": {
				"domelementtype": "1"
			}
		},
		"node_modules/domutils": {
			"version": "1.5.1",
			"integrity": "sha1-3NhIiib1Y9YQeeSMn3t+Mjc2gs8=",
			"dependencies": {
				"dom-serializer": "0",
				"domelementtype": "1"
			}
		},
		"node_modules/editorconfig": {
			"version": "0.13.3",
			"integrity": "sha512-WkjsUNVCu+ITKDj73QDvi0trvpdDWdkDyHybDGSXPfekLCqwmpD7CP7iPbvBgosNuLcI96XTDwNa75JyFl7tEQ==",
			"dependencies": {
				"bluebird": "^3.0.5",
				"commander": "^2.9.0",
				"lru-cache": "^3.2.0",
				"semver": "^5.1.0",
				"sigmund": "^1.0.1"
			},
			"bin": {
				"editorconfig": "bin/editorconfig"
			}
		},
		"node_modules/entities": {
			"version": "1.0.0",
			"integrity": "sha1-sph6o4ITR/zeZCsk/fyeT7cSvyY="
		},
		"node_modules/esprima": {
			"version": "4.0.1",
			"integrity": "sha512-eGuFFw7Upda+g4p+QHvnW0RyTX/SVeJBDM/gCtMARO0cLuT2HcEKnTPvhjV6aGeqrCB/sbNop0Kszm0jsaWU4A==",
			"bin": {
				"esparse": "bin/esparse.js",
				"esvalidate": "bin/esvalidate.js"
			},
			"engines": {
				"node": ">=4"
			}
		},
		"node_modules/fs-extra": {
			"version": "1.0.0",
			"integrity": "sha1-zTzl9+fLYUWIP8rjGR6Yd/hYeVA=",
			"dependencies": {
				"graceful-fs": "^4.1.2",
				"jsonfile": "^2.1.0",
				"klaw": "^1.0.0"
			}
		},
		"node_modules/gitignore-parser": {
			"version": "0.0.2",
			"integrity": "sha1-9hJZuYXdkUFLmnFo+u+RccLuxd8=",
			"engines": {
				"node": ">=0.10.0"
			}
		},
		"node_modules/graceful-fs": {
			"version": "4.1.11",
			"integrity": "sha1-Dovf5NHduIVNZOBOp8AOKgJuVlg=",
			"engines": {
				"node": ">=0.4.0"
			}
		},
		"node_modules/highlight.js": {
			"version": "11.1.0",
			"integrity": "sha512-X9VVhYKHQPPuwffO8jk4bP/FVj+ibNCy3HxZZNDXFtJrq4O5FdcdCDRIkDis5MiMnjh7UwEdHgRZJcHFYdzDdA==",
			"engines": {
				"node": ">=12.0.0"
			}
		},
		"node_modules/htmlparser2": {
			"version": "3.8.3",
			"integrity": "sha1-mWwosZFRaovoZQGn15dX5ccMEGg=",
			"dependencies": {
				"domelementtype": "1",
				"domhandler": "2.3",
				"domutils": "1.5",
				"entities": "1.0",
				"readable-stream": "1.1"
			}
		},
		"node_modules/inherits": {
			"version": "2.0.3",
			"integrity": "sha1-Yzwsg+PaQqUC9SRmAiSA9CCCYd4="
		},
		"node_modules/ini": {
			"version": "1.3.5",
			"integrity": "sha512-RZY5huIKCMRWDUqZlEi72f/lmXKMvuszcMBduliQ3nnWbx9X/ZBQO7DijMEYS9EhHBb2qacRUMtC7svLwe0lcw==",
			"deprecated": "Please update to ini >=1.3.6 to avoid a prototype pollution issue",
			"engines": {
				"node": "*"
			}
		},
		"node_modules/isarray": {
			"version": "0.0.1",
			"integrity": "sha1-ihis/Kmo9Bd+Cav8YDiTmwXR7t8="
		},
		"node_modules/js-beautify": {
			"version": "1.6.4",
			"integrity": "sha1-qa95aZdCrJobb93B/bx4vE1RX8M=",
			"dependencies": {
				"config-chain": "~1.1.5",
				"editorconfig": "^0.13.2",
				"mkdirp": "~0.5.0",
				"nopt": "~3.0.1"
			},
			"bin": {
				"css-beautify": "js/bin/css-beautify.js",
				"html-beautify": "js/bin/html-beautify.js",
				"js-beautify": "js/bin/js-beautify.js"
			}
		},
		"node_modules/js-yaml": {
			"version": "3.13.1",
			"integrity": "sha512-YfbcO7jXDdyj0DGxYVSlSeQNHbD7XPWvrVWeVUujrQEoZzWJIRrCPoyk6kL6IAjAG2IolMK4T0hNUe0HOUs5Jw==",
			"dependencies": {
				"argparse": "^1.0.7",
				"esprima": "^4.0.0"
			},
			"bin": {
				"js-yaml": "bin/js-yaml.js"
			}
		},
		"node_modules/jsonfile": {
			"version": "2.4.0",
			"integrity": "sha1-NzaitCi4e72gzIO1P6PWM6NcKug=",
			"optionalDependencies": {
				"graceful-fs": "^4.1.6"
			}
		},
		"node_modules/klaw": {
			"version": "1.3.1",
			"integrity": "sha1-QIhDO0azsbolnXh4XY6W9zugJDk=",
			"optionalDependencies": {
				"graceful-fs": "^4.1.9"
			}
		},
		"node_modules/linkify-it": {
			"version": "3.0.2",
			"resolved": "https://registry.npmjs.org/linkify-it/-/linkify-it-3.0.2.tgz",
			"integrity": "sha512-gDBO4aHNZS6coiZCKVhSNh43F9ioIL4JwRjLZPkoLIY4yZFwg264Y5lu2x6rb1Js42Gh6Yqm2f6L2AJcnkzinQ==",
			"dependencies": {
				"uc.micro": "^1.0.1"
			}
		},
		"node_modules/lru-cache": {
			"version": "3.2.0",
			"integrity": "sha1-cXibO39Tmb7IVl3aOKow0qCX7+4=",
			"dependencies": {
				"pseudomap": "^1.0.1"
			}
		},
		"node_modules/markdown-it": {
			"version": "12.0.6",
			"resolved": "https://registry.npmjs.org/markdown-it/-/markdown-it-12.0.6.tgz",
			"integrity": "sha512-qv3sVLl4lMT96LLtR7xeRJX11OUFjsaD5oVat2/SNBIb21bJXwal2+SklcRbTwGwqWpWH/HRtYavOoJE+seL8w==",
			"dependencies": {
				"argparse": "^2.0.1",
				"entities": "~2.1.0",
				"linkify-it": "^3.0.1",
				"mdurl": "^1.0.1",
				"uc.micro": "^1.0.5"
			},
			"bin": {
				"markdown-it": "bin/markdown-it.js"
			}
		},
		"node_modules/markdown-it-attrs": {
			"version": "4.0.0-4",
			"resolved": "git+ssh://git@github.com/IBM/markdown-it-attrs.git#016d20c6ccc0c88455b7d774c5172b126d4c1d31",
			"license": "MIT",
			"engines": {
				"node": ">=6"
			},
			"peerDependencies": {
				"markdown-it": ">= 9.0.0 < 13.0.0"
			}
		},
		"node_modules/markdown-it-deflist": {
			"version": "2.1.0",
			"resolved": "https://registry.npmjs.org/markdown-it-deflist/-/markdown-it-deflist-2.1.0.tgz",
			"integrity": "sha512-3OuqoRUlSxJiuQYu0cWTLHNhhq2xtoSFqsZK8plANg91+RJQU1ziQ6lA2LzmFAEes18uPBsHZpcX6We5l76Nzg=="
		},
		"node_modules/markdown-it-footnote": {
			"version": "3.0.3",
			"resolved": "https://registry.npmjs.org/markdown-it-footnote/-/markdown-it-footnote-3.0.3.tgz",
			"integrity": "sha512-YZMSuCGVZAjzKMn+xqIco9d1cLGxbELHZ9do/TSYVzraooV8ypsppKNmUJ0fVH5ljkCInQAtFpm8Rb3eXSrt5w=="
		},
		"node_modules/markdown-it-toc-and-anchor": {
			"version": "4.2.0",
			"resolved": "https://registry.npmjs.org/markdown-it-toc-and-anchor/-/markdown-it-toc-and-anchor-4.2.0.tgz",
			"integrity": "sha512-DusSbKtg8CwZ92ztN7bOojDpP4h0+w7BVOPuA3PHDIaabMsERYpwsazLYSP/UlKedoQjOz21mwlai36TQ04EpA==",
			"dependencies": {
				"clone": "^2.1.0",
				"uslug": "^1.0.4"
			}
		},
		"node_modules/markdown-it/node_modules/argparse": {
			"version": "2.0.1",
			"resolved": "https://registry.npmjs.org/argparse/-/argparse-2.0.1.tgz",
			"integrity": "sha512-8+9WqebbFzpX9OR+Wa6O29asIogeRMzcGtAINdpMHHyAg10f05aSFVBbcEqGf/PXw1EjAZ+q2/bEBg3DvurK3Q=="
		},
		"node_modules/markdown-it/node_modules/entities": {
			"version": "2.1.0",
			"resolved": "https://registry.npmjs.org/entities/-/entities-2.1.0.tgz",
			"integrity": "sha512-hCx1oky9PFrJ611mf0ifBLBRW8lUUVRlFolb5gWRfIELabBlbp9xZvrqZLZAs+NxFnbfQoeGd8wDkygjg7U85w==",
			"funding": {
				"url": "https://github.com/fb55/entities?sponsor=1"
			}
		},
		"node_modules/marked": {
			"version": "0.3.9",
			"resolved": "https://registry.npmjs.org/marked/-/marked-0.3.9.tgz",
			"integrity": "sha512-nW5u0dxpXxHfkHzzrveY45gCbi+R4PaO4WRZYqZNl+vB0hVGeqlFn0aOg1c8AKL63TrNFn9Bm2UP4AdiZ9TPLw==",
			"bin": {
				"marked": "bin/marked"
			}
		},
		"node_modules/marked-it-core": {
			"version": "0.17.8",
			"resolved": "https://registry.npmjs.org/marked-it-core/-/marked-it-core-0.17.8.tgz",
			"integrity": "sha512-i0b7MREzHo3fW7IcEohgBCUUT7RpxcoLMeAB/Ogm66hHJxfKaaUYcdyLUAa4yuaQiU+/iqUazKfpPnbpAQXxCA==",
			"dependencies": {
				"htmlparser2": "3.8.3",
				"js-yaml": "3.13.1",
				"markdown-it": "12.0.6",
				"markdown-it-attrs": "git://github.com/IBM/markdown-it-attrs.git#v4.0.0-5",
				"markdown-it-deflist": "2.1.0",
				"markdown-it-footnote": "3.0.3",
				"markdown-it-toc-and-anchor": "4.2.0",
				"marked": "0.3.9",
				"pretty-data": "0.40.0"
			}
		},
		"node_modules/mdurl": {
			"version": "1.0.1",
			"resolved": "https://registry.npmjs.org/mdurl/-/mdurl-1.0.1.tgz",
			"integrity": "sha1-/oWy7HWlkDfyrf7BAP1sYBdhFS4="
		},
		"node_modules/minimist": {
			"version": "1.2.5",
			"integrity": "sha512-FM9nNUYrRBAELZQT3xeZQ7fmMOBg6nWNmJKTcgsJeaLstP/UODVpGsr5OhXhhXg6f+qtJ8uiZ+PUxkDWcgIXLw=="
		},
		"node_modules/mkdirp": {
			"version": "0.5.5",
			"integrity": "sha512-NKmAlESf6jMGym1++R0Ra7wvhV+wFW63FaSOFPwRahvea0gMUcGUhVeAg/0BC0wiv9ih5NYPB1Wn1UEI1/L+xQ==",
			"dependencies": {
				"minimist": "^1.2.5"
			},
			"bin": {
				"mkdirp": "bin/cmd.js"
			}
		},
		"node_modules/nopt": {
			"version": "3.0.6",
			"integrity": "sha1-xkZdvwirzU2zWTF/eaxopkayj/k=",
			"dependencies": {
				"abbrev": "1"
			},
			"bin": {
				"nopt": "bin/nopt.js"
			}
		},
		"node_modules/pretty-data": {
			"version": "0.40.0",
			"resolved": "https://registry.npmjs.org/pretty-data/-/pretty-data-0.40.0.tgz",
			"integrity": "sha1-Vyqo6iNGdGerlLa1Jmpv2cj93XI=",
			"engines": {
				"node": "*"
			}
		},
		"node_modules/proto-list": {
			"version": "1.2.4",
			"integrity": "sha1-IS1b/hMYMGpCD2QCuOJv85ZHqEk="
		},
		"node_modules/pseudomap": {
			"version": "1.0.2",
			"integrity": "sha1-8FKijacOYYkX7wqKw0wa5aaChrM="
		},
		"node_modules/readable-stream": {
			"version": "1.1.14",
			"integrity": "sha1-fPTFTvZI44EwhMY23SB54WbAgdk=",
			"dependencies": {
				"core-util-is": "~1.0.0",
				"inherits": "~2.0.1",
				"isarray": "0.0.1",
				"string_decoder": "~0.10.x"
			}
		},
		"node_modules/semver": {
			"version": "5.6.0",
			"integrity": "sha512-RS9R6R35NYgQn++fkDWaOmqGoj4Ek9gGs+DPxNUZKuwE183xjJroKvyo1IzVFeXvUrvmALy6FWD5xrdJT25gMg==",
			"bin": {
				"semver": "bin/semver"
			}
		},
		"node_modules/sigmund": {
			"version": "1.0.1",
			"integrity": "sha1-P/IfGYytIXX587eBhT/ZTQ0ZtZA="
		},
		"node_modules/slang": {
			"version": "0.3.0",
			"integrity": "sha1-E691tPDAGMaoGT1wT2WyO+T7q9w="
		},
		"node_modules/sprintf-js": {
			"version": "1.0.3",
			"integrity": "sha1-BOaSb2YolTVPPdAVIDYzuFcpfiw="
		},
		"node_modules/string_decoder": {
			"version": "0.10.31",
			"integrity": "sha1-YuIDvEF2bGwoyfyEMB2rHFMQ+pQ="
		},
		"node_modules/uc.micro": {
			"version": "1.0.6",
			"resolved": "https://registry.npmjs.org/uc.micro/-/uc.micro-1.0.6.tgz",
			"integrity": "sha512-8Y75pvTYkLJW2hWQHXxoqRgV7qb9B+9vFEtidML+7koHUFapnVJAZ6cKs+Qjz5Aw3aZWHMC6u0wJE3At+nSGwA=="
		},
		"node_modules/unorm": {
			"version": "1.6.0",
			"resolved": "https://registry.npmjs.org/unorm/-/unorm-1.6.0.tgz",
			"integrity": "sha512-b2/KCUlYZUeA7JFUuRJZPUtr4gZvBh7tavtv4fvk4+KV9pfGiR6CQAQAWl49ZpR3ts2dk4FYkP7EIgDJoiOLDA==",
			"engines": {
				"node": ">= 0.4.0"
			}
		},
		"node_modules/uslug": {
			"version": "1.0.4",
			"resolved": "https://registry.npmjs.org/uslug/-/uslug-1.0.4.tgz",
			"integrity": "sha1-uaIvCRTgqGFAYz2swwLl9PpFBnc=",
			"dependencies": {
				"unorm": ">= 1.0.0"
			},
			"engines": {
				"node": ">= 0.4.0"
			}
		},
		"node_modules/wkhtmltopdf": {
			"version": "0.1.5",
			"integrity": "sha1-2+q5F+FXTZpFRInzIrjtRJo57NU=",
			"dependencies": {
				"slang": ">=0.2"
			},
			"engines": {
				"node": ">=0.6"
			}
		}
	},
	"dependencies": {
		"abbrev": {
			"version": "1.1.1",
			"integrity": "sha512-nne9/IiQ/hzIhY6pdDnbBtz7DjPTKrY00P/zvPSm5pOFkl6xuGrGnXn/VtTNNfNtAfZ9/1RtehkszU9qcTii0Q=="
		},
		"argparse": {
			"version": "1.0.10",
			"integrity": "sha512-o5Roy6tNG4SL/FOkCAN6RzjiakZS25RLYFrcMttJqbdd8BWrnA+fGz57iN5Pb06pvBGvl5gQ0B48dJlslXvoTg==",
			"requires": {
				"sprintf-js": "~1.0.2"
			}
		},
		"bluebird": {
			"version": "3.5.2",
			"integrity": "sha512-dhHTWMI7kMx5whMQntl7Vr9C6BvV10lFXDAasnqnrMYhXVCzzk6IO9Fo2L75jXHT07WrOngL1WDXOp+yYS91Yg=="
		},
		"clone": {
			"version": "2.1.2",
			"resolved": "https://registry.npmjs.org/clone/-/clone-2.1.2.tgz",
			"integrity": "sha1-G39Ln1kfHo+DZwQBYANFoCiHQ18="
		},
		"commander": {
			"version": "2.19.0",
			"integrity": "sha512-6tvAOO+D6OENvRAh524Dh9jcfKTYDQAqvqezbCW82xj5X0pSrcpxtvRKHLG0yBY6SD7PSDrJaj+0AiOcKVd1Xg=="
		},
		"config-chain": {
			"version": "1.1.12",
			"integrity": "sha512-a1eOIcu8+7lUInge4Rpf/n4Krkf3Dd9lqhljRzII1/Zno/kRtUWnznPO3jOKBmTEktkt3fkxisUcivoj0ebzoA==",
			"requires": {
				"ini": "^1.3.4",
				"proto-list": "~1.2.1"
			}
		},
		"core-util-is": {
			"version": "1.0.2",
			"integrity": "sha1-tf1UIgqivFq1eqtxQMlAdUUDwac="
		},
		"dom-serializer": {
			"version": "0.1.0",
			"integrity": "sha1-BzxpdUbOB4DOI75KKOKT5AvDDII=",
			"requires": {
				"domelementtype": "~1.1.1",
				"entities": "~1.1.1"
			},
			"dependencies": {
				"domelementtype": {
					"version": "1.1.3",
					"integrity": "sha1-vSh3PiZCiBrsUVRJJCmcXNgiGFs="
				},
				"entities": {
					"version": "1.1.2",
					"integrity": "sha512-f2LZMYl1Fzu7YSBKg+RoROelpOaNrcGmE9AZubeDfrCEia483oW4MI4VyFd5VNHIgQ/7qm1I0wUHK1eJnn2y2w=="
				}
			}
		},
		"domelementtype": {
			"version": "1.2.1",
			"integrity": "sha512-SQVCLFS2E7G5CRCMdn6K9bIhRj1bS6QBWZfF0TUPh4V/BbqrQ619IdSS3/izn0FZ+9l+uODzaZjb08fjOfablA=="
		},
		"domhandler": {
			"version": "2.3.0",
			"integrity": "sha1-LeWaCCLVAn+r/28DLCsloqir5zg=",
			"requires": {
				"domelementtype": "1"
			}
		},
		"domutils": {
			"version": "1.5.1",
			"integrity": "sha1-3NhIiib1Y9YQeeSMn3t+Mjc2gs8=",
			"requires": {
				"dom-serializer": "0",
				"domelementtype": "1"
			}
		},
		"editorconfig": {
			"version": "0.13.3",
			"integrity": "sha512-WkjsUNVCu+ITKDj73QDvi0trvpdDWdkDyHybDGSXPfekLCqwmpD7CP7iPbvBgosNuLcI96XTDwNa75JyFl7tEQ==",
			"requires": {
				"bluebird": "^3.0.5",
				"commander": "^2.9.0",
				"lru-cache": "^3.2.0",
				"semver": "^5.1.0",
				"sigmund": "^1.0.1"
			}
		},
		"entities": {
			"version": "1.0.0",
			"integrity": "sha1-sph6o4ITR/zeZCsk/fyeT7cSvyY="
		},
		"esprima": {
			"version": "4.0.1",
			"integrity": "sha512-eGuFFw7Upda+g4p+QHvnW0RyTX/SVeJBDM/gCtMARO0cLuT2HcEKnTPvhjV6aGeqrCB/sbNop0Kszm0jsaWU4A=="
		},
		"fs-extra": {
			"version": "1.0.0",
			"integrity": "sha1-zTzl9+fLYUWIP8rjGR6Yd/hYeVA=",
			"requires": {
				"graceful-fs": "^4.1.2",
				"jsonfile": "^2.1.0",
				"klaw": "^1.0.0"
			}
		},
		"gitignore-parser": {
			"version": "0.0.2",
			"integrity": "sha1-9hJZuYXdkUFLmnFo+u+RccLuxd8="
		},
		"graceful-fs": {
			"version": "4.1.11",
			"integrity": "sha1-Dovf5NHduIVNZOBOp8AOKgJuVlg="
		},
		"highlight.js": {
			"version": "11.1.0",
			"integrity": "sha512-X9VVhYKHQPPuwffO8jk4bP/FVj+ibNCy3HxZZNDXFtJrq4O5FdcdCDRIkDis5MiMnjh7UwEdHgRZJcHFYdzDdA=="
		},
		"htmlparser2": {
			"version": "3.8.3",
			"integrity": "sha1-mWwosZFRaovoZQGn15dX5ccMEGg=",
			"requires": {
				"domelementtype": "1",
				"domhandler": "2.3",
				"domutils": "1.5",
				"entities": "1.0",
				"readable-stream": "1.1"
			}
		},
		"inherits": {
			"version": "2.0.3",
			"integrity": "sha1-Yzwsg+PaQqUC9SRmAiSA9CCCYd4="
		},
		"ini": {
			"version": "1.3.5",
			"integrity": "sha512-RZY5huIKCMRWDUqZlEi72f/lmXKMvuszcMBduliQ3nnWbx9X/ZBQO7DijMEYS9EhHBb2qacRUMtC7svLwe0lcw=="
		},
		"isarray": {
			"version": "0.0.1",
			"integrity": "sha1-ihis/Kmo9Bd+Cav8YDiTmwXR7t8="
		},
		"js-beautify": {
			"version": "1.6.4",
			"integrity": "sha1-qa95aZdCrJobb93B/bx4vE1RX8M=",
			"requires": {
				"config-chain": "~1.1.5",
				"editorconfig": "^0.13.2",
				"mkdirp": "~0.5.0",
				"nopt": "~3.0.1"
			}
		},
		"js-yaml": {
			"version": "3.13.1",
			"integrity": "sha512-YfbcO7jXDdyj0DGxYVSlSeQNHbD7XPWvrVWeVUujrQEoZzWJIRrCPoyk6kL6IAjAG2IolMK4T0hNUe0HOUs5Jw==",
			"requires": {
				"argparse": "^1.0.7",
				"esprima": "^4.0.0"
			}
		},
		"jsonfile": {
			"version": "2.4.0",
			"integrity": "sha1-NzaitCi4e72gzIO1P6PWM6NcKug=",
			"requires": {
				"graceful-fs": "^4.1.6"
			}
		},
		"klaw": {
			"version": "1.3.1",
			"integrity": "sha1-QIhDO0azsbolnXh4XY6W9zugJDk=",
			"requires": {
				"graceful-fs": "^4.1.9"
			}
		},
		"linkify-it": {
			"version": "3.0.2",
			"resolved": "https://registry.npmjs.org/linkify-it/-/linkify-it-3.0.2.tgz",
			"integrity": "sha512-gDBO4aHNZS6coiZCKVhSNh43F9ioIL4JwRjLZPkoLIY4yZFwg264Y5lu2x6rb1Js42Gh6Yqm2f6L2AJcnkzinQ==",
			"requires": {
				"uc.micro": "^1.0.1"
			}
		},
		"lru-cache": {
			"version": "3.2.0",
			"integrity": "sha1-cXibO39Tmb7IVl3aOKow0qCX7+4=",
			"requires": {
				"pseudomap": "^1.0.1"
			}
		},
		"markdown-it": {
			"version": "12.0.6",
			"resolved": "https://registry.npmjs.org/markdown-it/-/markdown-it-12.0.6.tgz",
			"integrity": "sha512-qv3sVLl4lMT96LLtR7xeRJX11OUFjsaD5oVat2/SNBIb21bJXwal2+SklcRbTwGwqWpWH/HRtYavOoJE+seL8w==",
			"requires": {
				"argparse": "^2.0.1",
				"entities": "~2.1.0",
				"linkify-it": "^3.0.1",
				"mdurl": "^1.0.1",
				"uc.micro": "^1.0.5"
			},
			"dependencies": {
				"argparse": {
					"version": "2.0.1",
					"resolved": "https://registry.npmjs.org/argparse/-/argparse-2.0.1.tgz",
					"integrity": "sha512-8+9WqebbFzpX9OR+Wa6O29asIogeRMzcGtAINdpMHHyAg10f05aSFVBbcEqGf/PXw1EjAZ+q2/bEBg3DvurK3Q=="
				},
				"entities": {
					"version": "2.1.0",
					"resolved": "https://registry.npmjs.org/entities/-/entities-2.1.0.tgz",
					"integrity": "sha512-hCx1oky9PFrJ611mf0ifBLBRW8lUUVRlFolb5gWRfIELabBlbp9xZvrqZLZAs+NxFnbfQoeGd8wDkygjg7U85w=="
				}
			}
		},
		"markdown-it-attrs": {
			"version": "git+ssh://git@github.com/IBM/markdown-it-attrs.git#016d20c6ccc0c88455b7d774c5172b126d4c1d31",
			"from": "markdown-it-attrs@git://github.com/IBM/markdown-it-attrs.git#v4.0.0-5",
			"requires": {}
		},
		"markdown-it-deflist": {
			"version": "2.1.0",
			"resolved": "https://registry.npmjs.org/markdown-it-deflist/-/markdown-it-deflist-2.1.0.tgz",
			"integrity": "sha512-3OuqoRUlSxJiuQYu0cWTLHNhhq2xtoSFqsZK8plANg91+RJQU1ziQ6lA2LzmFAEes18uPBsHZpcX6We5l76Nzg=="
		},
		"markdown-it-footnote": {
			"version": "3.0.3",
			"resolved": "https://registry.npmjs.org/markdown-it-footnote/-/markdown-it-footnote-3.0.3.tgz",
			"integrity": "sha512-YZMSuCGVZAjzKMn+xqIco9d1cLGxbELHZ9do/TSYVzraooV8ypsppKNmUJ0fVH5ljkCInQAtFpm8Rb3eXSrt5w=="
		},
		"markdown-it-toc-and-anchor": {
			"version": "4.2.0",
			"resolved": "https://registry.npmjs.org/markdown-it-toc-and-anchor/-/markdown-it-toc-and-anchor-4.2.0.tgz",
			"integrity": "sha512-DusSbKtg8CwZ92ztN7bOojDpP4h0+w7BVOPuA3PHDIaabMsERYpwsazLYSP/UlKedoQjOz21mwlai36TQ04EpA==",
			"requires": {
				"clone": "^2.1.0",
				"uslug": "^1.0.4"
			}
		},
		"marked": {
			"version": "0.3.9",
			"resolved": "https://registry.npmjs.org/marked/-/marked-0.3.9.tgz",
			"integrity": "sha512-nW5u0dxpXxHfkHzzrveY45gCbi+R4PaO4WRZYqZNl+vB0hVGeqlFn0aOg1c8AKL63TrNFn9Bm2UP4AdiZ9TPLw=="
		},
		"marked-it-core": {
			"version": "0.17.8",
			"resolved": "https://registry.npmjs.org/marked-it-core/-/marked-it-core-0.17.8.tgz",
			"integrity": "sha512-i0b7MREzHo3fW7IcEohgBCUUT7RpxcoLMeAB/Ogm66hHJxfKaaUYcdyLUAa4yuaQiU+/iqUazKfpPnbpAQXxCA==",
			"requires": {
				"htmlparser2": "3.8.3",
				"js-yaml": "3.13.1",
				"markdown-it": "12.0.6",
				"markdown-it-attrs": "git://github.com/IBM/markdown-it-attrs.git#v4.0.0-5",
				"markdown-it-deflist": "2.1.0",
				"markdown-it-footnote": "3.0.3",
				"markdown-it-toc-and-anchor": "4.2.0",
				"marked": "0.3.9",
				"pretty-data": "0.40.0"
			}
		},
		"mdurl": {
			"version": "1.0.1",
			"resolved": "https://registry.npmjs.org/mdurl/-/mdurl-1.0.1.tgz",
			"integrity": "sha1-/oWy7HWlkDfyrf7BAP1sYBdhFS4="
		},
		"minimist": {
			"version": "1.2.5",
			"integrity": "sha512-FM9nNUYrRBAELZQT3xeZQ7fmMOBg6nWNmJKTcgsJeaLstP/UODVpGsr5OhXhhXg6f+qtJ8uiZ+PUxkDWcgIXLw=="
		},
		"mkdirp": {
			"version": "0.5.5",
			"integrity": "sha512-NKmAlESf6jMGym1++R0Ra7wvhV+wFW63FaSOFPwRahvea0gMUcGUhVeAg/0BC0wiv9ih5NYPB1Wn1UEI1/L+xQ==",
			"requires": {
				"minimist": "^1.2.5"
			}
		},
		"nopt": {
			"version": "3.0.6",
			"integrity": "sha1-xkZdvwirzU2zWTF/eaxopkayj/k=",
			"requires": {
				"abbrev": "1"
			}
		},
		"pretty-data": {
			"version": "0.40.0",
			"resolved": "https://registry.npmjs.org/pretty-data/-/pretty-data-0.40.0.tgz",
			"integrity": "sha1-Vyqo6iNGdGerlLa1Jmpv2cj93XI="
		},
		"proto-list": {
			"version": "1.2.4",
			"integrity": "sha1-IS1b/hMYMGpCD2QCuOJv85ZHqEk="
		},
		"pseudomap": {
			"version": "1.0.2",
			"integrity": "sha1-8FKijacOYYkX7wqKw0wa5aaChrM="
		},
		"readable-stream": {
			"version": "1.1.14",
			"integrity": "sha1-fPTFTvZI44EwhMY23SB54WbAgdk=",
			"requires": {
				"core-util-is": "~1.0.0",
				"inherits": "~2.0.1",
				"isarray": "0.0.1",
				"string_decoder": "~0.10.x"
			}
		},
		"semver": {
			"version": "5.6.0",
			"integrity": "sha512-RS9R6R35NYgQn++fkDWaOmqGoj4Ek9gGs+DPxNUZKuwE183xjJroKvyo1IzVFeXvUrvmALy6FWD5xrdJT25gMg=="
		},
		"sigmund": {
			"version": "1.0.1",
			"integrity": "sha1-P/IfGYytIXX587eBhT/ZTQ0ZtZA="
		},
		"slang": {
			"version": "0.3.0",
			"integrity": "sha1-E691tPDAGMaoGT1wT2WyO+T7q9w="
		},
		"sprintf-js": {
			"version": "1.0.3",
			"integrity": "sha1-BOaSb2YolTVPPdAVIDYzuFcpfiw="
		},
		"string_decoder": {
			"version": "0.10.31",
			"integrity": "sha1-YuIDvEF2bGwoyfyEMB2rHFMQ+pQ="
		},
		"uc.micro": {
			"version": "1.0.6",
			"resolved": "https://registry.npmjs.org/uc.micro/-/uc.micro-1.0.6.tgz",
			"integrity": "sha512-8Y75pvTYkLJW2hWQHXxoqRgV7qb9B+9vFEtidML+7koHUFapnVJAZ6cKs+Qjz5Aw3aZWHMC6u0wJE3At+nSGwA=="
		},
		"unorm": {
			"version": "1.6.0",
			"resolved": "https://registry.npmjs.org/unorm/-/unorm-1.6.0.tgz",
			"integrity": "sha512-b2/KCUlYZUeA7JFUuRJZPUtr4gZvBh7tavtv4fvk4+KV9pfGiR6CQAQAWl49ZpR3ts2dk4FYkP7EIgDJoiOLDA=="
		},
		"uslug": {
			"version": "1.0.4",
			"resolved": "https://registry.npmjs.org/uslug/-/uslug-1.0.4.tgz",
			"integrity": "sha1-uaIvCRTgqGFAYz2swwLl9PpFBnc=",
			"requires": {
				"unorm": ">= 1.0.0"
			}
		},
		"wkhtmltopdf": {
			"version": "0.1.5",
			"integrity": "sha1-2+q5F+FXTZpFRInzIrjtRJo57NU=",
			"requires": {
				"slang": ">=0.2"
			}
		}
	}
}
